
Microsoft Visual Studio Solution File, Format Version 12.00
# Visual Studio Version 17
VisualStudioVersion = 17.3.32929.385
MinimumVisualStudioVersion = 10.0.40219.1
Project("{9A19103F-16F7-4668-BE54-9A1E7A4F7556}") = "PudelkoLibrary", "lab03_Pudelko\PudelkoLibrary.csproj", "{AE9F25FE-D735-4D28-8D3B-CB37EADAFC95}"
EndProject
Project("{9A19103F-16F7-4668-BE54-9A1E7A4F7556}") = "UnitTests", "UnitTests\UnitTests.csproj", "{9068EEC2-CE1E-401F-92C0-3F50127AEF9E}"
EndProject
Global
	GlobalSection(SolutionConfigurationPlatforms) = preSolution
		Debug|Any CPU = Debug|Any CPU
		Release|Any CPU = Release|Any CPU
	EndGlobalSection
	GlobalSection(ProjectConfigurationPlatforms) = postSolution
		{AE9F25FE-D735-4D28-8D3B-CB37EADAFC95}.Debug|Any CPU.ActiveCfg = Debug|Any CPU
		{AE9F25FE-D735-4D28-8D3B-CB37EADAFC95}.Debug|Any CPU.Build.0 = Debug|Any CPU
		{AE9F25FE-D735-4D28-8D3B-CB37EADAFC95}.Release|Any CPU.ActiveCfg = Release|Any CPU
		{AE9F25FE-D735-4D28-8D3B-CB37EADAFC95}.Release|Any CPU.Build.0 = Release|Any CPU
		{9068EEC2-CE1E-401F-92C0-3F50127AEF9E}.Debug|Any CPU.ActiveCfg = Debug|Any CPU
		{9068EEC2-CE1E-401F-92C0-3F50127AEF9E}.Debug|Any CPU.Build.0 = Debug|Any CPU
		{9068EEC2-CE1E-401F-92C0-3F50127AEF9E}.Release|Any CPU.ActiveCfg = Release|Any CPU
		{9068EEC2-CE1E-401F-92C0-3F50127AEF9E}.Release|Any CPU.Build.0 = Release|Any CPU
	EndGlobalSection
	GlobalSection(SolutionProperties) = preSolution
		HideSolutionNode = FALSE
	EndGlobalSection
	GlobalSection(ExtensibilityGlobals) = postSolution
		SolutionGuid = {409ED5E3-3E2A-4348-B60D-D9D6386A1E9B}
	EndGlobalSection
EndGlobal
